
Microsoft Visual Studio Solution File, Format Version 12.00
# Visual Studio Version 17
VisualStudioVersion = 17.8.34511.84
MinimumVisualStudioVersion = 10.0.40219.1
Project("{FAE04EC0-301F-11D3-BF4B-00C04F79EFBC}") = "consultio", "consultio\consultio.csproj", "{70A5767C-6211-445A-86B8-1105D1B1BC39}"
EndProject
Global
	GlobalSection(SolutionConfigurationPlatforms) = preSolution
		Debug|Any CPU = Debug|Any CPU
		Release|Any CPU = Release|Any CPU
	EndGlobalSection
	GlobalSection(ProjectConfigurationPlatforms) = postSolution
		{70A5767C-6211-445A-86B8-1105D1B1BC39}.Debug|Any CPU.ActiveCfg = Debug|Any CPU
		{70A5767C-6211-445A-86B8-1105D1B1BC39}.Debug|Any CPU.Build.0 = Debug|Any CPU
		{70A5767C-6211-445A-86B8-1105D1B1BC39}.Release|Any CPU.ActiveCfg = Release|Any CPU
		{70A5767C-6211-445A-86B8-1105D1B1BC39}.Release|Any CPU.Build.0 = Release|Any CPU
	EndGlobalSection
	GlobalSection(SolutionProperties) = preSolution
		HideSolutionNode = FALSE
	EndGlobalSection
	GlobalSection(ExtensibilityGlobals) = postSolution
		SolutionGuid = {69801933-6DF7-41B6-88A0-CBC79CB5446F}
	EndGlobalSection
EndGlobal
