
Microsoft Visual Studio Solution File, Format Version 12.00
# Visual Studio Version 17
VisualStudioVersion = 17.8.34511.84
MinimumVisualStudioVersion = 10.0.40219.1
Project("{FAE04EC0-301F-11D3-BF4B-00C04F79EFBC}") = "test-curd-operation-30-05-2024", "test-curd-operation-30-05-2024\test-curd-operation-30-05-2024.csproj", "{EE904D0B-7FF7-4E16-B84D-D4E185756C4C}"
EndProject
Global
	GlobalSection(SolutionConfigurationPlatforms) = preSolution
		Debug|Any CPU = Debug|Any CPU
		Release|Any CPU = Release|Any CPU
	EndGlobalSection
	GlobalSection(ProjectConfigurationPlatforms) = postSolution
		{EE904D0B-7FF7-4E16-B84D-D4E185756C4C}.Debug|Any CPU.ActiveCfg = Debug|Any CPU
		{EE904D0B-7FF7-4E16-B84D-D4E185756C4C}.Debug|Any CPU.Build.0 = Debug|Any CPU
		{EE904D0B-7FF7-4E16-B84D-D4E185756C4C}.Release|Any CPU.ActiveCfg = Release|Any CPU
		{EE904D0B-7FF7-4E16-B84D-D4E185756C4C}.Release|Any CPU.Build.0 = Release|Any CPU
	EndGlobalSection
	GlobalSection(SolutionProperties) = preSolution
		HideSolutionNode = FALSE
	EndGlobalSection
	GlobalSection(ExtensibilityGlobals) = postSolution
		SolutionGuid = {D9009D37-A9B3-485A-9644-C970B45EE595}
	EndGlobalSection
EndGlobal
