
Microsoft Visual Studio Solution File, Format Version 12.00
# Visual Studio Version 17
VisualStudioVersion = 17.8.34511.84
MinimumVisualStudioVersion = 10.0.40219.1
Project("{FAE04EC0-301F-11D3-BF4B-00C04F79EFBC}") = "databaseconnectivity-lacture-3", "databaseconnectivity-lacture-3\databaseconnectivity-lacture-3.csproj", "{63AF7CD3-9077-4FF2-974B-E4B9A4332B17}"
EndProject
Global
	GlobalSection(SolutionConfigurationPlatforms) = preSolution
		Debug|Any CPU = Debug|Any CPU
		Release|Any CPU = Release|Any CPU
	EndGlobalSection
	GlobalSection(ProjectConfigurationPlatforms) = postSolution
		{63AF7CD3-9077-4FF2-974B-E4B9A4332B17}.Debug|Any CPU.ActiveCfg = Debug|Any CPU
		{63AF7CD3-9077-4FF2-974B-E4B9A4332B17}.Debug|Any CPU.Build.0 = Debug|Any CPU
		{63AF7CD3-9077-4FF2-974B-E4B9A4332B17}.Release|Any CPU.ActiveCfg = Release|Any CPU
		{63AF7CD3-9077-4FF2-974B-E4B9A4332B17}.Release|Any CPU.Build.0 = Release|Any CPU
	EndGlobalSection
	GlobalSection(SolutionProperties) = preSolution
		HideSolutionNode = FALSE
	EndGlobalSection
	GlobalSection(ExtensibilityGlobals) = postSolution
		SolutionGuid = {B8FB0500-599F-408E-8682-AEA3C7C0E391}
	EndGlobalSection
EndGlobal
