
Microsoft Visual Studio Solution File, Format Version 12.00
# Visual Studio Version 17
VisualStudioVersion = 17.8.34511.84
MinimumVisualStudioVersion = 10.0.40219.1
Project("{FAE04EC0-301F-11D3-BF4B-00C04F79EFBC}") = "webapi-lacture-4", "webapi-lacture-4\webapi-lacture-4.csproj", "{340D75D2-1C52-49CD-AF08-C98C0013C243}"
EndProject
Global
	GlobalSection(SolutionConfigurationPlatforms) = preSolution
		Debug|Any CPU = Debug|Any CPU
		Release|Any CPU = Release|Any CPU
	EndGlobalSection
	GlobalSection(ProjectConfigurationPlatforms) = postSolution
		{340D75D2-1C52-49CD-AF08-C98C0013C243}.Debug|Any CPU.ActiveCfg = Debug|Any CPU
		{340D75D2-1C52-49CD-AF08-C98C0013C243}.Debug|Any CPU.Build.0 = Debug|Any CPU
		{340D75D2-1C52-49CD-AF08-C98C0013C243}.Release|Any CPU.ActiveCfg = Release|Any CPU
		{340D75D2-1C52-49CD-AF08-C98C0013C243}.Release|Any CPU.Build.0 = Release|Any CPU
	EndGlobalSection
	GlobalSection(SolutionProperties) = preSolution
		HideSolutionNode = FALSE
	EndGlobalSection
	GlobalSection(ExtensibilityGlobals) = postSolution
		SolutionGuid = {4F4AD384-E2A8-499B-838F-17935FE15819}
	EndGlobalSection
EndGlobal
